
Microsoft Visual Studio Solution File, Format Version 12.00
# Visual Studio Version 17
VisualStudioVersion = 17.4.33205.214
MinimumVisualStudioVersion = 10.0.40219.1
Project("{FAE04EC0-301F-11D3-BF4B-00C04F79EFBC}") = "Lambda Expression", "Lambda Expression\Lambda Expression.csproj", "{D3B83C20-C1D6-484D-AABD-397DCE9DCD69}"
EndProject
Global
	GlobalSection(SolutionConfigurationPlatforms) = preSolution
		Debug|Any CPU = Debug|Any CPU
		Release|Any CPU = Release|Any CPU
	EndGlobalSection
	GlobalSection(ProjectConfigurationPlatforms) = postSolution
		{D3B83C20-C1D6-484D-AABD-397DCE9DCD69}.Debug|Any CPU.ActiveCfg = Debug|Any CPU
		{D3B83C20-C1D6-484D-AABD-397DCE9DCD69}.Debug|Any CPU.Build.0 = Debug|Any CPU
		{D3B83C20-C1D6-484D-AABD-397DCE9DCD69}.Release|Any CPU.ActiveCfg = Release|Any CPU
		{D3B83C20-C1D6-484D-AABD-397DCE9DCD69}.Release|Any CPU.Build.0 = Release|Any CPU
	EndGlobalSection
	GlobalSection(SolutionProperties) = preSolution
		HideSolutionNode = FALSE
	EndGlobalSection
	GlobalSection(ExtensibilityGlobals) = postSolution
		SolutionGuid = {CED6BC7F-DDDF-43D1-90EE-BBE22936B79E}
	EndGlobalSection
EndGlobal
